
Microsoft Visual Studio Solution File, Format Version 12.00
# Visual Studio Version 17
VisualStudioVersion = 17.11.35312.102
MinimumVisualStudioVersion = 10.0.40219.1
Project("{FAE04EC0-301F-11D3-BF4B-00C04F79EFBC}") = "DAL", "DAL\DAL.csproj", "{E735F255-2B56-499F-83AA-70BDBAABCBD7}"
EndProject
Project("{FAE04EC0-301F-11D3-BF4B-00C04F79EFBC}") = "BAL", "BAL\BAL.csproj", "{F03424C9-4361-497A-97D0-F33FB9B4752F}"
EndProject
Project("{FAE04EC0-301F-11D3-BF4B-00C04F79EFBC}") = "BEPeer", "BEPeer\BEPeer.csproj", "{0949705F-124B-4865-8B12-E59DCC92C2EB}"
EndProject
Global
	GlobalSection(SolutionConfigurationPlatforms) = preSolution
		Debug|Any CPU = Debug|Any CPU
		Release|Any CPU = Release|Any CPU
	EndGlobalSection
	GlobalSection(ProjectConfigurationPlatforms) = postSolution
		{E735F255-2B56-499F-83AA-70BDBAABCBD7}.Debug|Any CPU.ActiveCfg = Debug|Any CPU
		{E735F255-2B56-499F-83AA-70BDBAABCBD7}.Debug|Any CPU.Build.0 = Debug|Any CPU
		{E735F255-2B56-499F-83AA-70BDBAABCBD7}.Release|Any CPU.ActiveCfg = Release|Any CPU
		{E735F255-2B56-499F-83AA-70BDBAABCBD7}.Release|Any CPU.Build.0 = Release|Any CPU
		{F03424C9-4361-497A-97D0-F33FB9B4752F}.Debug|Any CPU.ActiveCfg = Debug|Any CPU
		{F03424C9-4361-497A-97D0-F33FB9B4752F}.Debug|Any CPU.Build.0 = Debug|Any CPU
		{F03424C9-4361-497A-97D0-F33FB9B4752F}.Release|Any CPU.ActiveCfg = Release|Any CPU
		{F03424C9-4361-497A-97D0-F33FB9B4752F}.Release|Any CPU.Build.0 = Release|Any CPU
		{0949705F-124B-4865-8B12-E59DCC92C2EB}.Debug|Any CPU.ActiveCfg = Debug|Any CPU
		{0949705F-124B-4865-8B12-E59DCC92C2EB}.Debug|Any CPU.Build.0 = Debug|Any CPU
		{0949705F-124B-4865-8B12-E59DCC92C2EB}.Release|Any CPU.ActiveCfg = Release|Any CPU
		{0949705F-124B-4865-8B12-E59DCC92C2EB}.Release|Any CPU.Build.0 = Release|Any CPU
	EndGlobalSection
	GlobalSection(SolutionProperties) = preSolution
		HideSolutionNode = FALSE
	EndGlobalSection
	GlobalSection(ExtensibilityGlobals) = postSolution
		SolutionGuid = {397BA308-D28A-4222-A3E1-89708286E1BE}
	EndGlobalSection
EndGlobal
